{
  "name": "middy-shared-validator",
  "version": "1.0.0",
  "lockfileVersion": 3,
  "requires": true,
  "packages": {
    "": {
      "name": "middy-shared-validator",
      "version": "1.0.0",
      "license": "ISC",
      "dependencies": {
        "@middy/core": "^6.4.3",
        "@middy/util": "^6.4.3",
        "@standard-schema/spec": "^1.0.0"
      },
      "devDependencies": {
        "prettier": "^3.6.2",
        "typescript": "^5.9.2"
      }
    },
    "node_modules/@middy/core": {
      "version": "6.4.3",
      "resolved": "https://registry.npmjs.org/@middy/core/-/core-6.4.3.tgz",
      "integrity": "sha512-bVb6fwG4FhmJFbxJPumr/y7/ujy7b3NpL6d1ld4uuxUy7/FO8l5tvTdsEk4cDqsrnWFq6M6bmAvfFBPgAALi1A==",
      "license": "MIT",
      "engines": {
        "node": ">=20"
      },
      "funding": {
        "type": "github",
        "url": "https://github.com/sponsors/willfarrell"
      }
    },
    "node_modules/@middy/util": {
      "version": "6.4.3",
      "resolved": "https://registry.npmjs.org/@middy/util/-/util-6.4.3.tgz",
      "integrity": "sha512-/FDYl5gWkF5jVZ1b41YWBpBS/AsT4c+ic1rPVZN1kSjoYGPPiZPW6GdPmVThKftWVvwC3m1dGt7Q2rXmvtwTxg==",
      "license": "MIT",
      "engines": {
        "node": ">=20"
      },
      "funding": {
        "type": "github",
        "url": "https://github.com/sponsors/willfarrell"
      }
    },
    "node_modules/@standard-schema/spec": {
      "version": "1.0.0",
      "resolved": "https://registry.npmjs.org/@standard-schema/spec/-/spec-1.0.0.tgz",
      "integrity": "sha512-m2bOd0f2RT9k8QJx1JN85cZYyH1RqFBdlwtkSlf4tBDYLCiiZnv1fIIwacK6cqwXavOydf0NPToMQgpKq+dVlA==",
      "license": "MIT"
    },
    "node_modules/prettier": {
      "version": "3.6.2",
      "resolved": "https://registry.npmjs.org/prettier/-/prettier-3.6.2.tgz",
      "integrity": "sha512-I7AIg5boAr5R0FFtJ6rCfD+LFsWHp81dolrFD8S79U9tb8Az2nGrJncnMSnys+bpQJfRUzqs9hnA81OAA3hCuQ==",
      "dev": true,
      "license": "MIT",
      "bin": {
        "prettier": "bin/prettier.cjs"
      },
      "engines": {
        "node": ">=14"
      },
      "funding": {
        "url": "https://github.com/prettier/prettier?sponsor=1"
      }
    },
    "node_modules/typescript": {
      "version": "5.9.2",
      "resolved": "https://registry.npmjs.org/typescript/-/typescript-5.9.2.tgz",
      "integrity": "sha512-CWBzXQrc/qOkhidw1OzBTQuYRbfyxDXJMVJ1XNwUHGROVmuaeiEm3OslpZ1RV96d7SKKjZKrSJu3+t/xlw3R9A==",
      "dev": true,
      "license": "Apache-2.0",
      "bin": {
        "tsc": "bin/tsc",
        "tsserver": "bin/tsserver"
      },
      "engines": {
        "node": ">=14.17"
      }
    }
  }
}
